// !$*UTF8*$!
{
	archiveVersion = 1;
	classes = {
	};
	objectVersion = 46;
	objects = {

/* Begin PBXBuildFile section */
		FB1F56691EF132A900DA4151 /* main.m in Sources */ = {isa = PBXBuildFile; fileRef = FB1F56681EF132A900DA4151 /* main.m */; };
		FB1F566C1EF132A900DA4151 /* AppDelegate.m in Sources */ = {isa = PBXBuildFile; fileRef = FB1F566B1EF132A900DA4151 /* AppDelegate.m */; };
		FB1F566F1EF132A900DA4151 /* ViewController.m in Sources */ = {isa = PBXBuildFile; fileRef = FB1F566E1EF132A900DA4151 /* ViewController.m */; };
		FB1F56721EF132A900DA4151 /* Main.storyboard in Resources */ = {isa = PBXBuildFile; fileRef = FB1F56701EF132A900DA4151 /* Main.storyboard */; };
		FB1F56741EF132A900DA4151 /* Assets.xcassets in Resources */ = {isa = PBXBuildFile; fileRef = FB1F56731EF132A900DA4151 /* Assets.xcassets */; };
		FB1F56771EF132A900DA4151 /* LaunchScreen.storyboard in Resources */ = {isa = PBXBuildFile; fileRef = FB1F56751EF132A900DA4151 /* LaunchScreen.storyboard */; };
		FB1F56811EF1339500DA4151 /* PathFinder.m in Sources */ = {isa = PBXBuildFile; fileRef = FB1F56801EF1339500DA4151 /* PathFinder.m */; };
		FB1F56841EF1347D00DA4151 /* TravellEngine.m in Sources */ = {isa = PBXBuildFile; fileRef = FB1F56831EF1347D00DA4151 /* TravellEngine.m */; };
		FB1F56871EF1356800DA4151 /* TicketPrinitingSystem.m in Sources */ = {isa = PBXBuildFile; fileRef = FB1F56861EF1356800DA4151 /* TicketPrinitingSystem.m */; };
		FB1F568A1EF1362D00DA4151 /* TravellSystemFacade.m in Sources */ = {isa = PBXBuildFile; fileRef = FB1F56891EF1362D00DA4151 /* TravellSystemFacade.m */; };
/* End PBXBuildFile section */

/* Begin PBXFileReference section */
		FB1F56641EF132A900DA4151 /* Facade.app */ = {isa = PBXFileReference; explicitFileType = wrapper.application; includeInIndex = 0; path = Facade.app; sourceTree = BUILT_PRODUCTS_DIR; };
		FB1F56681EF132A900DA4151 /* main.m */ = {isa = PBXFileReference; lastKnownFileType = sourcecode.c.objc; path = main.m; sourceTree = "<group>"; };
		FB1F566A1EF132A900DA4151 /* AppDelegate.h */ = {isa = PBXFileReference; lastKnownFileType = sourcecode.c.h; path = AppDelegate.h; sourceTree = "<group>"; };
		FB1F566B1EF132A900DA4151 /* AppDelegate.m */ = {isa = PBXFileReference; lastKnownFileType = sourcecode.c.objc; path = AppDelegate.m; sourceTree = "<group>"; };
		FB1F566D1EF132A900DA4151 /* ViewController.h */ = {isa = PBXFileReference; lastKnownFileType = sourcecode.c.h; path = ViewController.h; sourceTree = "<group>"; };
		FB1F566E1EF132A900DA4151 /* ViewController.m */ = {isa = PBXFileReference; lastKnownFileType = sourcecode.c.objc; path = ViewController.m; sourceTree = "<group>"; };
		FB1F56711EF132A900DA4151 /* Base */ = {isa = PBXFileReference; lastKnownFileType = file.storyboard; name = Base; path = Base.lproj/Main.storyboard; sourceTree = "<group>"; };
		FB1F56731EF132A900DA4151 /* Assets.xcassets */ = {isa = PBXFileReference; lastKnownFileType = folder.assetcatalog; path = Assets.xcassets; sourceTree = "<group>"; };
		FB1F56761EF132A900DA4151 /* Base */ = {isa = PBXFileReference; lastKnownFileType = file.storyboard; name = Base; path = Base.lproj/LaunchScreen.storyboard; sourceTree = "<group>"; };
		FB1F56781EF132A900DA4151 /* Info.plist */ = {isa = PBXFileReference; lastKnownFileType = text.plist.xml; path = Info.plist; sourceTree = "<group>"; };
		FB1F567F1EF1339500DA4151 /* PathFinder.h */ = {isa = PBXFileReference; fileEncoding = 4; lastKnownFileType = sourcecode.c.h; path = PathFinder.h; sourceTree = "<group>"; };
		FB1F56801EF1339500DA4151 /* PathFinder.m */ = {isa = PBXFileReference; fileEncoding = 4; lastKnownFileType = sourcecode.c.objc; path = PathFinder.m; sourceTree = "<group>"; };
		FB1F56821EF1347D00DA4151 /* TravellEngine.h */ = {isa = PBXFileReference; fileEncoding = 4; lastKnownFileType = sourcecode.c.h; path = TravellEngine.h; sourceTree = "<group>"; };
		FB1F56831EF1347D00DA4151 /* TravellEngine.m */ = {isa = PBXFileReference; fileEncoding = 4; lastKnownFileType = sourcecode.c.objc; path = TravellEngine.m; sourceTree = "<group>"; };
		FB1F56851EF1356800DA4151 /* TicketPrinitingSystem.h */ = {isa = PBXFileReference; fileEncoding = 4; lastKnownFileType = sourcecode.c.h; path = TicketPrinitingSystem.h; sourceTree = "<group>"; };
		FB1F56861EF1356800DA4151 /* TicketPrinitingSystem.m */ = {isa = PBXFileReference; fileEncoding = 4; lastKnownFileType = sourcecode.c.objc; path = TicketPrinitingSystem.m; sourceTree = "<group>"; };
		FB1F56881EF1362D00DA4151 /* TravellSystemFacade.h */ = {isa = PBXFileReference; fileEncoding = 4; lastKnownFileType = sourcecode.c.h; path = TravellSystemFacade.h; sourceTree = "<group>"; };
		FB1F56891EF1362D00DA4151 /* TravellSystemFacade.m */ = {isa = PBXFileReference; fileEncoding = 4; lastKnownFileType = sourcecode.c.objc; path = TravellSystemFacade.m; sourceTree = "<group>"; };
/* End PBXFileReference section */

/* Begin PBXFrameworksBuildPhase section */
		FB1F56611EF132A800DA4151 /* Frameworks */ = {
			isa = PBXFrameworksBuildPhase;
			buildActionMask = 2147483647;
			files = (
			);
			runOnlyForDeploymentPostprocessing = 0;
		};
/* End PBXFrameworksBuildPhase section */

/* Begin PBXGroup section */
		FB1F565B1EF132A800DA4151 = {
			isa = PBXGroup;
			children = (
				FB1F56661EF132A900DA4151 /* Facade */,
				FB1F56651EF132A900DA4151 /* Products */,
			);
			sourceTree = "<group>";
		};
		FB1F56651EF132A900DA4151 /* Products */ = {
			isa = PBXGroup;
			children = (
				FB1F56641EF132A900DA4151 /* Facade.app */,
			);
			name = Products;
			sourceTree = "<group>";
		};
		FB1F56661EF132A900DA4151 /* Facade */ = {
			isa = PBXGroup;
			children = (
				FB1F567E1EF132B400DA4151 /* Pattern */,
				FB1F566A1EF132A900DA4151 /* AppDelegate.h */,
				FB1F566B1EF132A900DA4151 /* AppDelegate.m */,
				FB1F566D1EF132A900DA4151 /* ViewController.h */,
				FB1F566E1EF132A900DA4151 /* ViewController.m */,
				FB1F56701EF132A900DA4151 /* Main.storyboard */,
				FB1F56731EF132A900DA4151 /* Assets.xcassets */,
				FB1F56751EF132A900DA4151 /* LaunchScreen.storyboard */,
				FB1F56781EF132A900DA4151 /* Info.plist */,
				FB1F56671EF132A900DA4151 /* Supporting Files */,
			);
			path = Facade;
			sourceTree = "<group>";
		};
		FB1F56671EF132A900DA4151 /* Supporting Files */ = {
			isa = PBXGroup;
			children = (
				FB1F56681EF132A900DA4151 /* main.m */,
			);
			name = "Supporting Files";
			sourceTree = "<group>";
		};
		FB1F567E1EF132B400DA4151 /* Pattern */ = {
			isa = PBXGroup;
			children = (
				FB1F567F1EF1339500DA4151 /* PathFinder.h */,
				FB1F56801EF1339500DA4151 /* PathFinder.m */,
				FB1F56821EF1347D00DA4151 /* TravellEngine.h */,
				FB1F56831EF1347D00DA4151 /* TravellEngine.m */,
				FB1F56851EF1356800DA4151 /* TicketPrinitingSystem.h */,
				FB1F56861EF1356800DA4151 /* TicketPrinitingSystem.m */,
				FB1F56881EF1362D00DA4151 /* TravellSystemFacade.h */,
				FB1F56891EF1362D00DA4151 /* TravellSystemFacade.m */,
			);
			name = Pattern;
			sourceTree = "<group>";
		};
/* End PBXGroup section */

/* Begin PBXNativeTarget section */
		FB1F56631EF132A800DA4151 /* Facade */ = {
			isa = PBXNativeTarget;
			buildConfigurationList = FB1F567B1EF132A900DA4151 /* Build configuration list for PBXNativeTarget "Facade" */;
			buildPhases = (
				FB1F56601EF132A800DA4151 /* Sources */,
				FB1F56611EF132A800DA4151 /* Frameworks */,
				FB1F56621EF132A800DA4151 /* Resources */,
			);
			buildRules = (
			);
			dependencies = (
			);
			name = Facade;
			productName = Facade;
			productReference = FB1F56641EF132A900DA4151 /* Facade.app */;
			productType = "com.apple.product-type.application";
		};
/* End PBXNativeTarget section */

/* Begin PBXProject section */
		FB1F565C1EF132A800DA4151 /* Project object */ = {
			isa = PBXProject;
			attributes = {
				LastUpgradeCheck = 0820;
				ORGANIZATIONNAME = "Vasilii Burenkov";
				TargetAttributes = {
					FB1F56631EF132A800DA4151 = {
						CreatedOnToolsVersion = 8.2;
						ProvisioningStyle = Automatic;
					};
				};
			};
			buildConfigurationList = FB1F565F1EF132A800DA4151 /* Build configuration list for PBXProject "Facade" */;
			compatibilityVersion = "Xcode 3.2";
			developmentRegion = English;
			hasScannedForEncodings = 0;
			knownRegions = (
				en,
				Base,
			);
			mainGroup = FB1F565B1EF132A800DA4151;
			productRefGroup = FB1F56651EF132A900DA4151 /* Products */;
			projectDirPath = "";
			projectRoot = "";
			targets = (
				FB1F56631EF132A800DA4151 /* Facade */,
			);
		};
/* End PBXProject section */

/* Begin PBXResourcesBuildPhase section */
		FB1F56621EF132A800DA4151 /* Resources */ = {
			isa = PBXResourcesBuildPhase;
			buildActionMask = 2147483647;
			files = (
				FB1F56771EF132A900DA4151 /* LaunchScreen.storyboard in Resources */,
				FB1F56741EF132A900DA4151 /* Assets.xcassets in Resources */,
				FB1F56721EF132A900DA4151 /* Main.storyboard in Resources */,
			);
			runOnlyForDeploymentPostprocessing = 0;
		};
/* End PBXResourcesBuildPhase section */

/* Begin PBXSourcesBuildPhase section */
		FB1F56601EF132A800DA4151 /* Sources */ = {
			isa = PBXSourcesBuildPhase;
			buildActionMask = 2147483647;
			files = (
				FB1F568A1EF1362D00DA4151 /* TravellSystemFacade.m in Sources */,
				FB1F56841EF1347D00DA4151 /* TravellEngine.m in Sources */,
				FB1F56811EF1339500DA4151 /* PathFinder.m in Sources */,
				FB1F566F1EF132A900DA4151 /* ViewController.m in Sources */,
				FB1F56871EF1356800DA4151 /* TicketPrinitingSystem.m in Sources */,
				FB1F566C1EF132A900DA4151 /* AppDelegate.m in Sources */,
				FB1F56691EF132A900DA4151 /* main.m in Sources */,
			);
			runOnlyForDeploymentPostprocessing = 0;
		};
/* End PBXSourcesBuildPhase section */

/* Begin PBXVariantGroup section */
		FB1F56701EF132A900DA4151 /* Main.storyboard */ = {
			isa = PBXVariantGroup;
			children = (
				FB1F56711EF132A900DA4151 /* Base */,
			);
			name = Main.storyboard;
			sourceTree = "<group>";
		};
		FB1F56751EF132A900DA4151 /* LaunchScreen.storyboard */ = {
			isa = PBXVariantGroup;
			children = (
				FB1F56761EF132A900DA4151 /* Base */,
			);
			name = LaunchScreen.storyboard;
			sourceTree = "<group>";
		};
/* End PBXVariantGroup section */

/* Begin XCBuildConfiguration section */
		FB1F56791EF132A900DA4151 /* Debug */ = {
			isa = XCBuildConfiguration;
			buildSettings = {
				ALWAYS_SEARCH_USER_PATHS = NO;
				CLANG_ANALYZER_NONNULL = YES;
				CLANG_CXX_LANGUAGE_STANDARD = "gnu++0x";
				CLANG_CXX_LIBRARY = "libc++";
				CLANG_ENABLE_MODULES = YES;
				CLANG_ENABLE_OBJC_ARC = YES;
				CLANG_WARN_BOOL_CONVERSION = YES;
				CLANG_WARN_CONSTANT_CONVERSION = YES;
				CLANG_WARN_DIRECT_OBJC_ISA_USAGE = YES_ERROR;
				CLANG_WARN_DOCUMENTATION_COMMENTS = YES;
				CLANG_WARN_EMPTY_BODY = YES;
				CLANG_WARN_ENUM_CONVERSION = YES;
				CLANG_WARN_INFINITE_RECURSION = YES;
				CLANG_WARN_INT_CONVERSION = YES;
				CLANG_WARN_OBJC_ROOT_CLASS = YES_ERROR;
				CLANG_WARN_SUSPICIOUS_MOVE = YES;
				CLANG_WARN_UNREACHABLE_CODE = YES;
				CLANG_WARN__DUPLICATE_METHOD_MATCH = YES;
				"CODE_SIGN_IDENTITY[sdk=iphoneos*]" = "iPhone Developer";
				COPY_PHASE_STRIP = NO;
				DEBUG_INFORMATION_FORMAT = dwarf;
				ENABLE_STRICT_OBJC_MSGSEND = YES;
				ENABLE_TESTABILITY = YES;
				GCC_C_LANGUAGE_STANDARD = gnu99;
				GCC_DYNAMIC_NO_PIC = NO;
				GCC_NO_COMMON_BLOCKS = YES;
				GCC_OPTIMIZATION_LEVEL = 0;
				GCC_PREPROCESSOR_DEFINITIONS = (
					"DEBUG=1",
					"$(inherited)",
				);
				GCC_WARN_64_TO_32_BIT_CONVERSION = YES;
				GCC_WARN_ABOUT_RETURN_TYPE = YES_ERROR;
				GCC_WARN_UNDECLARED_SELECTOR = YES;
				GCC_WARN_UNINITIALIZED_AUTOS = YES_AGGRESSIVE;
				GCC_WARN_UNUSED_FUNCTION = YES;
				GCC_WARN_UNUSED_VARIABLE = YES;
				IPHONEOS_DEPLOYMENT_TARGET = 10.2;
				MTL_ENABLE_DEBUG_INFO = YES;
				ONLY_ACTIVE_ARCH = YES;
				SDKROOT = iphoneos;
				TARGETED_DEVICE_FAMILY = "1,2";
			};
			name = Debug;
		};
		FB1F567A1EF132A900DA4151 /* Release */ = {
			isa = XCBuildConfiguration;
			buildSettings = {
				ALWAYS_SEARCH_USER_PATHS = NO;
				CLANG_ANALYZER_NONNULL = YES;
				CLANG_CXX_LANGUAGE_STANDARD = "gnu++0x";
				CLANG_CXX_LIBRARY = "libc++";
				CLANG_ENABLE_MODULES = YES;
				CLANG_ENABLE_OBJC_ARC = YES;
				CLANG_WARN_BOOL_CONVERSION = YES;
				CLANG_WARN_CONSTANT_CONVERSION = YES;
				CLANG_WARN_DIRECT_OBJC_ISA_USAGE = YES_ERROR;
				CLANG_WARN_DOCUMENTATION_COMMENTS = YES;
				CLANG_WARN_EMPTY_BODY = YES;
				CLANG_WARN_ENUM_CONVERSION = YES;
				CLANG_WARN_INFINITE_RECURSION = YES;
				CLANG_WARN_INT_CONVERSION = YES;
				CLANG_WARN_OBJC_ROOT_CLASS = YES_ERROR;
				CLANG_WARN_SUSPICIOUS_MOVE = YES;
				CLANG_WARN_UNREACHABLE_CODE = YES;
				CLANG_WARN__DUPLICATE_METHOD_MATCH = YES;
				"CODE_SIGN_IDENTITY[sdk=iphoneos*]" = "iPhone Developer";
				COPY_PHASE_STRIP = NO;
				DEBUG_INFORMATION_FORMAT = "dwarf-with-dsym";
				ENABLE_NS_ASSERTIONS = NO;
				ENABLE_STRICT_OBJC_MSGSEND = YES;
				GCC_C_LANGUAGE_STANDARD = gnu99;
				GCC_NO_COMMON_BLOCKS = YES;
				GCC_WARN_64_TO_32_BIT_CONVERSION = YES;
				GCC_WARN_ABOUT_RETURN_TYPE = YES_ERROR;
				GCC_WARN_UNDECLARED_SELECTOR = YES;
				GCC_WARN_UNINITIALIZED_AUTOS = YES_AGGRESSIVE;
				GCC_WARN_UNUSED_FUNCTION = YES;
				GCC_WARN_UNUSED_VARIABLE = YES;
				IPHONEOS_DEPLOYMENT_TARGET = 10.2;
				MTL_ENABLE_DEBUG_INFO = NO;
				SDKROOT = iphoneos;
				TARGETED_DEVICE_FAMILY = "1,2";
				VALIDATE_PRODUCT = YES;
			};
			name = Release;
		};
		FB1F567C1EF132A900DA4151 /* Debug */ = {
			isa = XCBuildConfiguration;
			buildSettings = {
				ASSETCATALOG_COMPILER_APPICON_NAME = AppIcon;
				INFOPLIST_FILE = Facade/Info.plist;
				LD_RUNPATH_SEARCH_PATHS = "$(inherited) @executable_path/Frameworks";
				PRODUCT_BUNDLE_IDENTIFIER = com.burenkov.Facade;
				PRODUCT_NAME = "$(TARGET_NAME)";
			};
			name = Debug;
		};
		FB1F567D1EF132A900DA4151 /* Release */ = {
			isa = XCBuildConfiguration;
			buildSettings = {
				ASSETCATALOG_COMPILER_APPICON_NAME = AppIcon;
				INFOPLIST_FILE = Facade/Info.plist;
				LD_RUNPATH_SEARCH_PATHS = "$(inherited) @executable_path/Frameworks";
				PRODUCT_BUNDLE_IDENTIFIER = com.burenkov.Facade;
				PRODUCT_NAME = "$(TARGET_NAME)";
			};
			name = Release;
		};
/* End XCBuildConfiguration section */

/* Begin XCConfigurationList section */
		FB1F565F1EF132A800DA4151 /* Build configuration list for PBXProject "Facade" */ = {
			isa = XCConfigurationList;
			buildConfigurations = (
				FB1F56791EF132A900DA4151 /* Debug */,
				FB1F567A1EF132A900DA4151 /* Release */,
			);
			defaultConfigurationIsVisible = 0;
			defaultConfigurationName = Release;
		};
		FB1F567B1EF132A900DA4151 /* Build configuration list for PBXNativeTarget "Facade" */ = {
			isa = XCConfigurationList;
			buildConfigurations = (
				FB1F567C1EF132A900DA4151 /* Debug */,
				FB1F567D1EF132A900DA4151 /* Release */,
			);
			defaultConfigurationIsVisible = 0;
		};
/* End XCConfigurationList section */
	};
	rootObject = FB1F565C1EF132A800DA4151 /* Project object */;
}
